
Microsoft Visual Studio Solution File, Format Version 12.00
# Visual Studio Version 17
VisualStudioVersion = 17.11.35327.3
MinimumVisualStudioVersion = 10.0.40219.1
Project("{9A19103F-16F7-4668-BE54-9A1E7A4F7556}") = "MovieServer.Data", "MovieServer.Data\MovieServer.Data.csproj", "{94061809-6383-4073-B68A-00CD992AF16E}"
EndProject
Project("{FAE04EC0-301F-11D3-BF4B-00C04F79EFBC}") = "MovieServer", "MovieServer\MovieServer.csproj", "{197DA2E6-694B-4EE6-8BA4-7E087F1846DA}"
EndProject
Project("{FAE04EC0-301F-11D3-BF4B-00C04F79EFBC}") = "MovieServer.Core", "MovieServer.Service\MovieServer.Core.csproj", "{24D3F185-36A0-4721-8E79-9434DBF58B52}"
EndProject
Global
	GlobalSection(SolutionConfigurationPlatforms) = preSolution
		Debug|Any CPU = Debug|Any CPU
		Release|Any CPU = Release|Any CPU
	EndGlobalSection
	GlobalSection(ProjectConfigurationPlatforms) = postSolution
		{94061809-6383-4073-B68A-00CD992AF16E}.Debug|Any CPU.ActiveCfg = Debug|Any CPU
		{94061809-6383-4073-B68A-00CD992AF16E}.Debug|Any CPU.Build.0 = Debug|Any CPU
		{94061809-6383-4073-B68A-00CD992AF16E}.Release|Any CPU.ActiveCfg = Release|Any CPU
		{94061809-6383-4073-B68A-00CD992AF16E}.Release|Any CPU.Build.0 = Release|Any CPU
		{197DA2E6-694B-4EE6-8BA4-7E087F1846DA}.Debug|Any CPU.ActiveCfg = Debug|Any CPU
		{197DA2E6-694B-4EE6-8BA4-7E087F1846DA}.Debug|Any CPU.Build.0 = Debug|Any CPU
		{197DA2E6-694B-4EE6-8BA4-7E087F1846DA}.Release|Any CPU.ActiveCfg = Release|Any CPU
		{197DA2E6-694B-4EE6-8BA4-7E087F1846DA}.Release|Any CPU.Build.0 = Release|Any CPU
		{24D3F185-36A0-4721-8E79-9434DBF58B52}.Debug|Any CPU.ActiveCfg = Debug|Any CPU
		{24D3F185-36A0-4721-8E79-9434DBF58B52}.Debug|Any CPU.Build.0 = Debug|Any CPU
		{24D3F185-36A0-4721-8E79-9434DBF58B52}.Release|Any CPU.ActiveCfg = Release|Any CPU
		{24D3F185-36A0-4721-8E79-9434DBF58B52}.Release|Any CPU.Build.0 = Release|Any CPU
	EndGlobalSection
	GlobalSection(SolutionProperties) = preSolution
		HideSolutionNode = FALSE
	EndGlobalSection
	GlobalSection(ExtensibilityGlobals) = postSolution
		SolutionGuid = {036D4AB3-BFB8-4960-A2C8-F17A580AC65B}
	EndGlobalSection
EndGlobal
